{
  "name": "css-mqpacker-webpack-plugin",
  "version": "0.12.2",
  "lockfileVersion": 2,
  "requires": true,
  "packages": {
    "": {
      "name": "css-mqpacker-webpack-plugin",
      "version": "0.12.2",
      "license": "MIT",
      "devDependencies": {
        "@hail2u/css-mqpacker": "github:hail2u/node-css-mqpacker#ee5119f",
        "fs-extra": "^10.0.0",
        "schema-utils": "^4.0.0",
        "uvu": "^0.5.3"
      },
      "peerDependencies": {
        "postcss": "^8.0.0",
        "schema-utils": "^3.0.0 || ^4.0.0",
        "webpack": "^4.0.0 || ^5.0.0"
      }
    },
    "node_modules/@hail2u/css-mqpacker": {
      "version": "9.0.0",
      "resolved": "git+ssh://git@github.com/hail2u/node-css-mqpacker.git#ee5119fe522ecf44e6b593863d3e02cde54bce98",
      "integrity": "sha512-Vz5OhNzvB19cxUPGC2Bo1skryqZ7qxjlZZeoKae8kvWBwZBHB96xjmC88G2qFkvRwwVrcLGnQ+/F3mPttyyRtg==",
      "dev": true,
      "license": "MIT",
      "dependencies": {
        "minimist": "^1.2.5"
      },
      "bin": {
        "mqpacker": "bin/mqpacker.js"
      },
      "peerDependencies": {
        "postcss": "^8.3.5"
      }
    },
    "node_modules/@types/json-schema": {
      "version": "7.0.9",
      "resolved": "https://registry.npmjs.org/@types/json-schema/-/json-schema-7.0.9.tgz",
      "integrity": "sha512-qcUXuemtEu+E5wZSJHNxUXeCZhAfXKQ41D+duX+VYPde7xyEVZci+/oXKJL13tnRs9lR2pr4fod59GT6/X1/yQ==",
      "dev": true
    },
    "node_modules/ajv": {
      "version": "8.8.2",
      "resolved": "https://registry.npmjs.org/ajv/-/ajv-8.8.2.tgz",
      "integrity": "sha512-x9VuX+R/jcFj1DHo/fCp99esgGDWiHENrKxaCENuCxpoMCmAt/COCGVDwA7kleEpEzJjDnvh3yGoOuLu0Dtllw==",
      "dev": true,
      "dependencies": {
        "fast-deep-equal": "^3.1.1",
        "json-schema-traverse": "^1.0.0",
        "require-from-string": "^2.0.2",
        "uri-js": "^4.2.2"
      },
      "funding": {
        "type": "github",
        "url": "https://github.com/sponsors/epoberezkin"
      }
    },
    "node_modules/ajv-formats": {
      "version": "2.1.1",
      "resolved": "https://registry.npmjs.org/ajv-formats/-/ajv-formats-2.1.1.tgz",
      "integrity": "sha512-Wx0Kx52hxE7C18hkMEggYlEifqWZtYaRgouJor+WMdPnQyEK13vgEWyVNup7SoeeoLMsr4kf5h6dOW11I15MUA==",
      "dev": true,
      "dependencies": {
        "ajv": "^8.0.0"
      },
      "peerDependencies": {
        "ajv": "^8.0.0"
      },
      "peerDependenciesMeta": {
        "ajv": {
          "optional": true
        }
      }
    },
    "node_modules/ajv-keywords": {
      "version": "5.1.0",
      "resolved": "https://registry.npmjs.org/ajv-keywords/-/ajv-keywords-5.1.0.tgz",
      "integrity": "sha512-YCS/JNFAUyr5vAuhk1DWm1CBxRHW9LbJ2ozWeemrIqpbsqKjHVxYPyi5GC0rjZIT5JxJ3virVTS8wk4i/Z+krw==",
      "dev": true,
      "dependencies": {
        "fast-deep-equal": "^3.1.3"
      },
      "peerDependencies": {
        "ajv": "^8.8.2"
      }
    },
    "node_modules/dequal": {
      "version": "2.0.2",
      "resolved": "https://registry.npmjs.org/dequal/-/dequal-2.0.2.tgz",
      "integrity": "sha512-q9K8BlJVxK7hQYqa6XISGmBZbtQQWVXSrRrWreHC94rMt1QL/Impruc+7p2CYSYuVIUr+YCt6hjrs1kkdJRTug==",
      "dev": true,
      "engines": {
        "node": ">=6"
      }
    },
    "node_modules/diff": {
      "version": "5.0.0",
      "resolved": "https://registry.npmjs.org/diff/-/diff-5.0.0.tgz",
      "integrity": "sha512-/VTCrvm5Z0JGty/BWHljh+BAiw3IK+2j87NGMu8Nwc/f48WoDAC395uomO9ZD117ZOBaHmkX1oyLvkVM/aIT3w==",
      "dev": true,
      "engines": {
        "node": ">=0.3.1"
      }
    },
    "node_modules/fast-deep-equal": {
      "version": "3.1.3",
      "resolved": "https://registry.npmjs.org/fast-deep-equal/-/fast-deep-equal-3.1.3.tgz",
      "integrity": "sha512-f3qQ9oQy9j2AhBe/H9VC91wLmKBCCU/gDOnKNAYG5hswO7BLKj09Hc5HYNz9cGI++xlpDCIgDaitVs03ATR84Q==",
      "dev": true
    },
    "node_modules/fs-extra": {
      "version": "10.0.0",
      "resolved": "https://registry.npmjs.org/fs-extra/-/fs-extra-10.0.0.tgz",
      "integrity": "sha512-C5owb14u9eJwizKGdchcDUQeFtlSHHthBk8pbX9Vc1PFZrLombudjDnNns88aYslCyF6IY5SUw3Roz6xShcEIQ==",
      "dev": true,
      "dependencies": {
        "graceful-fs": "^4.2.0",
        "jsonfile": "^6.0.1",
        "universalify": "^2.0.0"
      },
      "engines": {
        "node": ">=12"
      }
    },
    "node_modules/graceful-fs": {
      "version": "4.2.8",
      "resolved": "https://registry.npmjs.org/graceful-fs/-/graceful-fs-4.2.8.tgz",
      "integrity": "sha512-qkIilPUYcNhJpd33n0GBXTB1MMPp14TxEsEs0pTrsSVucApsYzW5V+Q8Qxhik6KU3evy+qkAAowTByymK0avdg==",
      "dev": true
    },
    "node_modules/json-schema-traverse": {
      "version": "1.0.0",
      "resolved": "https://registry.npmjs.org/json-schema-traverse/-/json-schema-traverse-1.0.0.tgz",
      "integrity": "sha512-NM8/P9n3XjXhIZn1lLhkFaACTOURQXjWhV4BA/RnOv8xvgqtqpAX9IO4mRQxSx1Rlo4tqzeqb0sOlruaOy3dug==",
      "dev": true
    },
    "node_modules/jsonfile": {
      "version": "6.1.0",
      "resolved": "https://registry.npmjs.org/jsonfile/-/jsonfile-6.1.0.tgz",
      "integrity": "sha512-5dgndWOriYSm5cnYaJNhalLNDKOqFwyDB/rr1E9ZsGciGvKPs8R2xYGCacuf3z6K1YKDz182fd+fY3cn3pMqXQ==",
      "dev": true,
      "dependencies": {
        "universalify": "^2.0.0"
      },
      "optionalDependencies": {
        "graceful-fs": "^4.1.6"
      }
    },
    "node_modules/kleur": {
      "version": "4.1.4",
      "resolved": "https://registry.npmjs.org/kleur/-/kleur-4.1.4.tgz",
      "integrity": "sha512-8QADVssbrFjivHWQU7KkMgptGTl6WAcSdlbBPY4uNF+mWr6DGcKrvY2w4FQJoXch7+fKMjj0dRrL75vk3k23OA==",
      "dev": true,
      "engines": {
        "node": ">=6"
      }
    },
    "node_modules/minimist": {
      "version": "1.2.5",
      "resolved": "https://registry.npmjs.org/minimist/-/minimist-1.2.5.tgz",
      "integrity": "sha512-FM9nNUYrRBAELZQT3xeZQ7fmMOBg6nWNmJKTcgsJeaLstP/UODVpGsr5OhXhhXg6f+qtJ8uiZ+PUxkDWcgIXLw==",
      "dev": true
    },
    "node_modules/mri": {
      "version": "1.2.0",
      "resolved": "https://registry.npmjs.org/mri/-/mri-1.2.0.tgz",
      "integrity": "sha512-tzzskb3bG8LvYGFF/mDTpq3jpI6Q9wc3LEmBaghu+DdCssd1FakN7Bc0hVNmEyGq1bq3RgfkCb3cmQLpNPOroA==",
      "dev": true,
      "engines": {
        "node": ">=4"
      }
    },
    "node_modules/punycode": {
      "version": "2.1.1",
      "resolved": "https://registry.npmjs.org/punycode/-/punycode-2.1.1.tgz",
      "integrity": "sha512-XRsRjdf+j5ml+y/6GKHPZbrF/8p2Yga0JPtdqTIY2Xe5ohJPD9saDJJLPvp9+NSBprVvevdXZybnj2cv8OEd0A==",
      "dev": true,
      "engines": {
        "node": ">=6"
      }
    },
    "node_modules/require-from-string": {
      "version": "2.0.2",
      "resolved": "https://registry.npmjs.org/require-from-string/-/require-from-string-2.0.2.tgz",
      "integrity": "sha512-Xf0nWe6RseziFMu+Ap9biiUbmplq6S9/p+7w7YXP/JBHhrUDDUhwa+vANyubuqfZWTveU//DYVGsDG7RKL/vEw==",
      "dev": true,
      "engines": {
        "node": ">=0.10.0"
      }
    },
    "node_modules/sade": {
      "version": "1.8.0",
      "resolved": "https://registry.npmjs.org/sade/-/sade-1.8.0.tgz",
      "integrity": "sha512-NRfCA8AVYuAA7Hu8bs18od6J4BdcXXwOv6OJuNgwbw8LcLK8JKwaM3WckLZ+MGyPJUS/ivVgK3twltrOIJJnug==",
      "dev": true,
      "dependencies": {
        "mri": "^1.1.0"
      },
      "engines": {
        "node": ">=6"
      }
    },
    "node_modules/schema-utils": {
      "version": "4.0.0",
      "resolved": "https://registry.npmjs.org/schema-utils/-/schema-utils-4.0.0.tgz",
      "integrity": "sha512-1edyXKgh6XnJsJSQ8mKWXnN/BVaIbFMLpouRUrXgVq7WYne5kw3MW7UPhO44uRXQSIpTSXoJbmrR2X0w9kUTyg==",
      "dev": true,
      "dependencies": {
        "@types/json-schema": "^7.0.9",
        "ajv": "^8.8.0",
        "ajv-formats": "^2.1.1",
        "ajv-keywords": "^5.0.0"
      },
      "engines": {
        "node": ">= 12.13.0"
      },
      "funding": {
        "type": "opencollective",
        "url": "https://opencollective.com/webpack"
      }
    },
    "node_modules/universalify": {
      "version": "2.0.0",
      "resolved": "https://registry.npmjs.org/universalify/-/universalify-2.0.0.tgz",
      "integrity": "sha512-hAZsKq7Yy11Zu1DE0OzWjw7nnLZmJZYTDZZyEFHZdUhV8FkH5MCfoU1XMaxXovpyW5nq5scPqq0ZDP9Zyl04oQ==",
      "dev": true,
      "engines": {
        "node": ">= 10.0.0"
      }
    },
    "node_modules/uri-js": {
      "version": "4.4.1",
      "resolved": "https://registry.npmjs.org/uri-js/-/uri-js-4.4.1.tgz",
      "integrity": "sha512-7rKUyy33Q1yc98pQ1DAmLtwX109F7TIfWlW1Ydo8Wl1ii1SeHieeh0HHfPeL2fMXK6z0s8ecKs9frCuLJvndBg==",
      "dev": true,
      "dependencies": {
        "punycode": "^2.1.0"
      }
    },
    "node_modules/uvu": {
      "version": "0.5.3",
      "resolved": "https://registry.npmjs.org/uvu/-/uvu-0.5.3.tgz",
      "integrity": "sha512-brFwqA3FXzilmtnIyJ+CxdkInkY/i4ErvP7uV0DnUVxQcQ55reuHphorpF+tZoVHK2MniZ/VJzI7zJQoc9T9Yw==",
      "dev": true,
      "dependencies": {
        "dequal": "^2.0.0",
        "diff": "^5.0.0",
        "kleur": "^4.0.3",
        "sade": "^1.7.3"
      },
      "bin": {
        "uvu": "bin.js"
      },
      "engines": {
        "node": ">=8"
      }
    }
  },
  "dependencies": {
    "@hail2u/css-mqpacker": {
      "version": "git+ssh://git@github.com/hail2u/node-css-mqpacker.git#ee5119fe522ecf44e6b593863d3e02cde54bce98",
      "integrity": "sha512-Vz5OhNzvB19cxUPGC2Bo1skryqZ7qxjlZZeoKae8kvWBwZBHB96xjmC88G2qFkvRwwVrcLGnQ+/F3mPttyyRtg==",
      "dev": true,
      "from": "@hail2u/css-mqpacker@github:hail2u/node-css-mqpacker#ee5119f",
      "requires": {
        "minimist": "^1.2.5"
      }
    },
    "@types/json-schema": {
      "version": "7.0.9",
      "resolved": "https://registry.npmjs.org/@types/json-schema/-/json-schema-7.0.9.tgz",
      "integrity": "sha512-qcUXuemtEu+E5wZSJHNxUXeCZhAfXKQ41D+duX+VYPde7xyEVZci+/oXKJL13tnRs9lR2pr4fod59GT6/X1/yQ==",
      "dev": true
    },
    "ajv": {
      "version": "8.8.2",
      "resolved": "https://registry.npmjs.org/ajv/-/ajv-8.8.2.tgz",
      "integrity": "sha512-x9VuX+R/jcFj1DHo/fCp99esgGDWiHENrKxaCENuCxpoMCmAt/COCGVDwA7kleEpEzJjDnvh3yGoOuLu0Dtllw==",
      "dev": true,
      "requires": {
        "fast-deep-equal": "^3.1.1",
        "json-schema-traverse": "^1.0.0",
        "require-from-string": "^2.0.2",
        "uri-js": "^4.2.2"
      }
    },
    "ajv-formats": {
      "version": "2.1.1",
      "resolved": "https://registry.npmjs.org/ajv-formats/-/ajv-formats-2.1.1.tgz",
      "integrity": "sha512-Wx0Kx52hxE7C18hkMEggYlEifqWZtYaRgouJor+WMdPnQyEK13vgEWyVNup7SoeeoLMsr4kf5h6dOW11I15MUA==",
      "dev": true,
      "requires": {
        "ajv": "^8.0.0"
      }
    },
    "ajv-keywords": {
      "version": "5.1.0",
      "resolved": "https://registry.npmjs.org/ajv-keywords/-/ajv-keywords-5.1.0.tgz",
      "integrity": "sha512-YCS/JNFAUyr5vAuhk1DWm1CBxRHW9LbJ2ozWeemrIqpbsqKjHVxYPyi5GC0rjZIT5JxJ3virVTS8wk4i/Z+krw==",
      "dev": true,
      "requires": {
        "fast-deep-equal": "^3.1.3"
      }
    },
    "dequal": {
      "version": "2.0.2",
      "resolved": "https://registry.npmjs.org/dequal/-/dequal-2.0.2.tgz",
      "integrity": "sha512-q9K8BlJVxK7hQYqa6XISGmBZbtQQWVXSrRrWreHC94rMt1QL/Impruc+7p2CYSYuVIUr+YCt6hjrs1kkdJRTug==",
      "dev": true
    },
    "diff": {
      "version": "5.0.0",
      "resolved": "https://registry.npmjs.org/diff/-/diff-5.0.0.tgz",
      "integrity": "sha512-/VTCrvm5Z0JGty/BWHljh+BAiw3IK+2j87NGMu8Nwc/f48WoDAC395uomO9ZD117ZOBaHmkX1oyLvkVM/aIT3w==",
      "dev": true
    },
    "fast-deep-equal": {
      "version": "3.1.3",
      "resolved": "https://registry.npmjs.org/fast-deep-equal/-/fast-deep-equal-3.1.3.tgz",
      "integrity": "sha512-f3qQ9oQy9j2AhBe/H9VC91wLmKBCCU/gDOnKNAYG5hswO7BLKj09Hc5HYNz9cGI++xlpDCIgDaitVs03ATR84Q==",
      "dev": true
    },
    "fs-extra": {
      "version": "10.0.0",
      "resolved": "https://registry.npmjs.org/fs-extra/-/fs-extra-10.0.0.tgz",
      "integrity": "sha512-C5owb14u9eJwizKGdchcDUQeFtlSHHthBk8pbX9Vc1PFZrLombudjDnNns88aYslCyF6IY5SUw3Roz6xShcEIQ==",
      "dev": true,
      "requires": {
        "graceful-fs": "^4.2.0",
        "jsonfile": "^6.0.1",
        "universalify": "^2.0.0"
      }
    },
    "graceful-fs": {
      "version": "4.2.8",
      "resolved": "https://registry.npmjs.org/graceful-fs/-/graceful-fs-4.2.8.tgz",
      "integrity": "sha512-qkIilPUYcNhJpd33n0GBXTB1MMPp14TxEsEs0pTrsSVucApsYzW5V+Q8Qxhik6KU3evy+qkAAowTByymK0avdg==",
      "dev": true
    },
    "json-schema-traverse": {
      "version": "1.0.0",
      "resolved": "https://registry.npmjs.org/json-schema-traverse/-/json-schema-traverse-1.0.0.tgz",
      "integrity": "sha512-NM8/P9n3XjXhIZn1lLhkFaACTOURQXjWhV4BA/RnOv8xvgqtqpAX9IO4mRQxSx1Rlo4tqzeqb0sOlruaOy3dug==",
      "dev": true
    },
    "jsonfile": {
      "version": "6.1.0",
      "resolved": "https://registry.npmjs.org/jsonfile/-/jsonfile-6.1.0.tgz",
      "integrity": "sha512-5dgndWOriYSm5cnYaJNhalLNDKOqFwyDB/rr1E9ZsGciGvKPs8R2xYGCacuf3z6K1YKDz182fd+fY3cn3pMqXQ==",
      "dev": true,
      "requires": {
        "graceful-fs": "^4.1.6",
        "universalify": "^2.0.0"
      }
    },
    "kleur": {
      "version": "4.1.4",
      "resolved": "https://registry.npmjs.org/kleur/-/kleur-4.1.4.tgz",
      "integrity": "sha512-8QADVssbrFjivHWQU7KkMgptGTl6WAcSdlbBPY4uNF+mWr6DGcKrvY2w4FQJoXch7+fKMjj0dRrL75vk3k23OA==",
      "dev": true
    },
    "minimist": {
      "version": "1.2.5",
      "resolved": "https://registry.npmjs.org/minimist/-/minimist-1.2.5.tgz",
      "integrity": "sha512-FM9nNUYrRBAELZQT3xeZQ7fmMOBg6nWNmJKTcgsJeaLstP/UODVpGsr5OhXhhXg6f+qtJ8uiZ+PUxkDWcgIXLw==",
      "dev": true
    },
    "mri": {
      "version": "1.2.0",
      "resolved": "https://registry.npmjs.org/mri/-/mri-1.2.0.tgz",
      "integrity": "sha512-tzzskb3bG8LvYGFF/mDTpq3jpI6Q9wc3LEmBaghu+DdCssd1FakN7Bc0hVNmEyGq1bq3RgfkCb3cmQLpNPOroA==",
      "dev": true
    },
    "punycode": {
      "version": "2.1.1",
      "resolved": "https://registry.npmjs.org/punycode/-/punycode-2.1.1.tgz",
      "integrity": "sha512-XRsRjdf+j5ml+y/6GKHPZbrF/8p2Yga0JPtdqTIY2Xe5ohJPD9saDJJLPvp9+NSBprVvevdXZybnj2cv8OEd0A==",
      "dev": true
    },
    "require-from-string": {
      "version": "2.0.2",
      "resolved": "https://registry.npmjs.org/require-from-string/-/require-from-string-2.0.2.tgz",
      "integrity": "sha512-Xf0nWe6RseziFMu+Ap9biiUbmplq6S9/p+7w7YXP/JBHhrUDDUhwa+vANyubuqfZWTveU//DYVGsDG7RKL/vEw==",
      "dev": true
    },
    "sade": {
      "version": "1.8.0",
      "resolved": "https://registry.npmjs.org/sade/-/sade-1.8.0.tgz",
      "integrity": "sha512-NRfCA8AVYuAA7Hu8bs18od6J4BdcXXwOv6OJuNgwbw8LcLK8JKwaM3WckLZ+MGyPJUS/ivVgK3twltrOIJJnug==",
      "dev": true,
      "requires": {
        "mri": "^1.1.0"
      }
    },
    "schema-utils": {
      "version": "4.0.0",
      "resolved": "https://registry.npmjs.org/schema-utils/-/schema-utils-4.0.0.tgz",
      "integrity": "sha512-1edyXKgh6XnJsJSQ8mKWXnN/BVaIbFMLpouRUrXgVq7WYne5kw3MW7UPhO44uRXQSIpTSXoJbmrR2X0w9kUTyg==",
      "dev": true,
      "requires": {
        "@types/json-schema": "^7.0.9",
        "ajv": "^8.8.0",
        "ajv-formats": "^2.1.1",
        "ajv-keywords": "^5.0.0"
      }
    },
    "universalify": {
      "version": "2.0.0",
      "resolved": "https://registry.npmjs.org/universalify/-/universalify-2.0.0.tgz",
      "integrity": "sha512-hAZsKq7Yy11Zu1DE0OzWjw7nnLZmJZYTDZZyEFHZdUhV8FkH5MCfoU1XMaxXovpyW5nq5scPqq0ZDP9Zyl04oQ==",
      "dev": true
    },
    "uri-js": {
      "version": "4.4.1",
      "resolved": "https://registry.npmjs.org/uri-js/-/uri-js-4.4.1.tgz",
      "integrity": "sha512-7rKUyy33Q1yc98pQ1DAmLtwX109F7TIfWlW1Ydo8Wl1ii1SeHieeh0HHfPeL2fMXK6z0s8ecKs9frCuLJvndBg==",
      "dev": true,
      "requires": {
        "punycode": "^2.1.0"
      }
    },
    "uvu": {
      "version": "0.5.3",
      "resolved": "https://registry.npmjs.org/uvu/-/uvu-0.5.3.tgz",
      "integrity": "sha512-brFwqA3FXzilmtnIyJ+CxdkInkY/i4ErvP7uV0DnUVxQcQ55reuHphorpF+tZoVHK2MniZ/VJzI7zJQoc9T9Yw==",
      "dev": true,
      "requires": {
        "dequal": "^2.0.0",
        "diff": "^5.0.0",
        "kleur": "^4.0.3",
        "sade": "^1.7.3"
      }
    }
  }
}
